
Microsoft Visual Studio Solution File, Format Version 12.00
# Visual Studio 14
VisualStudioVersion = 14.0.23107.0
MinimumVisualStudioVersion = 10.0.40219.1
Project("{FAE04EC0-301F-11D3-BF4B-00C04F79EFBC}") = "Cellekta 2", "Cellekta 2\Cellekta 2.csproj", "{1D87F600-D8F3-4E12-97A3-673E0F46C68F}"
EndProject
Project("{FAE04EC0-301F-11D3-BF4B-00C04F79EFBC}") = "Cellekta 2 Tests", "Cellekta 2 Tests\Cellekta 2 Tests.csproj", "{6CB0ED72-D488-4FFE-9431-4905CCE2FB5E}"
EndProject
Project("{FAE04EC0-301F-11D3-BF4B-00C04F79EFBC}") = "TraktorLibrary", "TraktorLibrary\TraktorLibrary.csproj", "{D7056E78-85D3-4C73-8A41-0E990FBA3745}"
EndProject
Project("{FAE04EC0-301F-11D3-BF4B-00C04F79EFBC}") = "TraktorLibrary Tests", "TraktorLibrary Tests\TraktorLibrary Tests.csproj", "{8365E889-A597-45AA-8FDC-AA79E96759B1}"
EndProject
Project("{FAE04EC0-301F-11D3-BF4B-00C04F79EFBC}") = "Ratings", "Ratings\Ratings.csproj", "{48773069-4A06-4479-A15D-270EF0C7BA96}"
EndProject
Project("{FAE04EC0-301F-11D3-BF4B-00C04F79EFBC}") = "Ratings Tests", "Ratings Tests\Ratings Tests.csproj", "{F276F672-ABB6-41BE-AB13-113F69A8B409}"
EndProject
Global
	GlobalSection(SolutionConfigurationPlatforms) = preSolution
		Debug|Any CPU = Debug|Any CPU
		Release|Any CPU = Release|Any CPU
	EndGlobalSection
	GlobalSection(ProjectConfigurationPlatforms) = postSolution
		{1D87F600-D8F3-4E12-97A3-673E0F46C68F}.Debug|Any CPU.ActiveCfg = Debug|Any CPU
		{1D87F600-D8F3-4E12-97A3-673E0F46C68F}.Debug|Any CPU.Build.0 = Debug|Any CPU
		{1D87F600-D8F3-4E12-97A3-673E0F46C68F}.Release|Any CPU.ActiveCfg = Release|Any CPU
		{1D87F600-D8F3-4E12-97A3-673E0F46C68F}.Release|Any CPU.Build.0 = Release|Any CPU
		{6CB0ED72-D488-4FFE-9431-4905CCE2FB5E}.Debug|Any CPU.ActiveCfg = Debug|Any CPU
		{6CB0ED72-D488-4FFE-9431-4905CCE2FB5E}.Debug|Any CPU.Build.0 = Debug|Any CPU
		{6CB0ED72-D488-4FFE-9431-4905CCE2FB5E}.Release|Any CPU.ActiveCfg = Release|Any CPU
		{6CB0ED72-D488-4FFE-9431-4905CCE2FB5E}.Release|Any CPU.Build.0 = Release|Any CPU
		{D7056E78-85D3-4C73-8A41-0E990FBA3745}.Debug|Any CPU.ActiveCfg = Debug|Any CPU
		{D7056E78-85D3-4C73-8A41-0E990FBA3745}.Debug|Any CPU.Build.0 = Debug|Any CPU
		{D7056E78-85D3-4C73-8A41-0E990FBA3745}.Release|Any CPU.ActiveCfg = Release|Any CPU
		{D7056E78-85D3-4C73-8A41-0E990FBA3745}.Release|Any CPU.Build.0 = Release|Any CPU
		{8365E889-A597-45AA-8FDC-AA79E96759B1}.Debug|Any CPU.ActiveCfg = Debug|Any CPU
		{8365E889-A597-45AA-8FDC-AA79E96759B1}.Debug|Any CPU.Build.0 = Debug|Any CPU
		{8365E889-A597-45AA-8FDC-AA79E96759B1}.Release|Any CPU.ActiveCfg = Release|Any CPU
		{8365E889-A597-45AA-8FDC-AA79E96759B1}.Release|Any CPU.Build.0 = Release|Any CPU
		{48773069-4A06-4479-A15D-270EF0C7BA96}.Debug|Any CPU.ActiveCfg = Debug|Any CPU
		{48773069-4A06-4479-A15D-270EF0C7BA96}.Debug|Any CPU.Build.0 = Debug|Any CPU
		{48773069-4A06-4479-A15D-270EF0C7BA96}.Release|Any CPU.ActiveCfg = Release|Any CPU
		{48773069-4A06-4479-A15D-270EF0C7BA96}.Release|Any CPU.Build.0 = Release|Any CPU
		{F276F672-ABB6-41BE-AB13-113F69A8B409}.Debug|Any CPU.ActiveCfg = Debug|Any CPU
		{F276F672-ABB6-41BE-AB13-113F69A8B409}.Debug|Any CPU.Build.0 = Debug|Any CPU
		{F276F672-ABB6-41BE-AB13-113F69A8B409}.Release|Any CPU.ActiveCfg = Release|Any CPU
		{F276F672-ABB6-41BE-AB13-113F69A8B409}.Release|Any CPU.Build.0 = Release|Any CPU
	EndGlobalSection
	GlobalSection(SolutionProperties) = preSolution
		HideSolutionNode = FALSE
	EndGlobalSection
EndGlobal
